
Microsoft Visual Studio Solution File, Format Version 12.00
# Visual Studio 15
VisualStudioVersion = 15.0.26430.6
MinimumVisualStudioVersion = 10.0.40219.1
Project("{8BC9CEB8-8B4A-11D0-8D11-00A0C91BC942}") = "P01.01", "P01.01\P01.01.vcxproj", "{E11A609D-35FF-46D9-81DB-87B89CBCEA00}"
EndProject
Project("{8BC9CEB8-8B4A-11D0-8D11-00A0C91BC942}") = "P02.01", "P02.01\P02.01.vcxproj", "{F326A8D4-C8C2-457C-8668-AB1EEC7D162B}"
EndProject
Project("{8BC9CEB8-8B4A-11D0-8D11-00A0C91BC942}") = "P03.01", "P03.01\P03.01.vcxproj", "{5D23EC76-A5A3-45CF-A3D8-3A4855E13004}"
EndProject
Project("{8BC9CEB8-8B4A-11D0-8D11-00A0C91BC942}") = "P05.01", "P05.01\P05.01.vcxproj", "{DF1F33E1-3ED1-4365-8353-ECEFE4123B2E}"
EndProject
Project("{8BC9CEB8-8B4A-11D0-8D11-00A0C91BC942}") = "P05.02", "P05.02\P05.02.vcxproj", "{133DEE44-B300-41A5-80B5-FD304432CFDA}"
EndProject
Global
	GlobalSection(SolutionConfigurationPlatforms) = preSolution
		Debug|x64 = Debug|x64
		Debug|x86 = Debug|x86
		Release|x64 = Release|x64
		Release|x86 = Release|x86
	EndGlobalSection
	GlobalSection(ProjectConfigurationPlatforms) = postSolution
		{E11A609D-35FF-46D9-81DB-87B89CBCEA00}.Debug|x64.ActiveCfg = Debug|x64
		{E11A609D-35FF-46D9-81DB-87B89CBCEA00}.Debug|x64.Build.0 = Debug|x64
		{E11A609D-35FF-46D9-81DB-87B89CBCEA00}.Debug|x86.ActiveCfg = Debug|Win32
		{E11A609D-35FF-46D9-81DB-87B89CBCEA00}.Debug|x86.Build.0 = Debug|Win32
		{E11A609D-35FF-46D9-81DB-87B89CBCEA00}.Release|x64.ActiveCfg = Release|x64
		{E11A609D-35FF-46D9-81DB-87B89CBCEA00}.Release|x64.Build.0 = Release|x64
		{E11A609D-35FF-46D9-81DB-87B89CBCEA00}.Release|x86.ActiveCfg = Release|Win32
		{E11A609D-35FF-46D9-81DB-87B89CBCEA00}.Release|x86.Build.0 = Release|Win32
		{F326A8D4-C8C2-457C-8668-AB1EEC7D162B}.Debug|x64.ActiveCfg = Debug|x64
		{F326A8D4-C8C2-457C-8668-AB1EEC7D162B}.Debug|x64.Build.0 = Debug|x64
		{F326A8D4-C8C2-457C-8668-AB1EEC7D162B}.Debug|x86.ActiveCfg = Debug|Win32
		{F326A8D4-C8C2-457C-8668-AB1EEC7D162B}.Debug|x86.Build.0 = Debug|Win32
		{F326A8D4-C8C2-457C-8668-AB1EEC7D162B}.Release|x64.ActiveCfg = Release|x64
		{F326A8D4-C8C2-457C-8668-AB1EEC7D162B}.Release|x64.Build.0 = Release|x64
		{F326A8D4-C8C2-457C-8668-AB1EEC7D162B}.Release|x86.ActiveCfg = Release|Win32
		{F326A8D4-C8C2-457C-8668-AB1EEC7D162B}.Release|x86.Build.0 = Release|Win32
		{5D23EC76-A5A3-45CF-A3D8-3A4855E13004}.Debug|x64.ActiveCfg = Debug|x64
		{5D23EC76-A5A3-45CF-A3D8-3A4855E13004}.Debug|x64.Build.0 = Debug|x64
		{5D23EC76-A5A3-45CF-A3D8-3A4855E13004}.Debug|x86.ActiveCfg = Debug|Win32
		{5D23EC76-A5A3-45CF-A3D8-3A4855E13004}.Debug|x86.Build.0 = Debug|Win32
		{5D23EC76-A5A3-45CF-A3D8-3A4855E13004}.Release|x64.ActiveCfg = Release|x64
		{5D23EC76-A5A3-45CF-A3D8-3A4855E13004}.Release|x64.Build.0 = Release|x64
		{5D23EC76-A5A3-45CF-A3D8-3A4855E13004}.Release|x86.ActiveCfg = Release|Win32
		{5D23EC76-A5A3-45CF-A3D8-3A4855E13004}.Release|x86.Build.0 = Release|Win32
		{DF1F33E1-3ED1-4365-8353-ECEFE4123B2E}.Debug|x64.ActiveCfg = Debug|x64
		{DF1F33E1-3ED1-4365-8353-ECEFE4123B2E}.Debug|x64.Build.0 = Debug|x64
		{DF1F33E1-3ED1-4365-8353-ECEFE4123B2E}.Debug|x86.ActiveCfg = Debug|Win32
		{DF1F33E1-3ED1-4365-8353-ECEFE4123B2E}.Debug|x86.Build.0 = Debug|Win32
		{DF1F33E1-3ED1-4365-8353-ECEFE4123B2E}.Release|x64.ActiveCfg = Release|x64
		{DF1F33E1-3ED1-4365-8353-ECEFE4123B2E}.Release|x64.Build.0 = Release|x64
		{DF1F33E1-3ED1-4365-8353-ECEFE4123B2E}.Release|x86.ActiveCfg = Release|Win32
		{DF1F33E1-3ED1-4365-8353-ECEFE4123B2E}.Release|x86.Build.0 = Release|Win32
		{133DEE44-B300-41A5-80B5-FD304432CFDA}.Debug|x64.ActiveCfg = Debug|x64
		{133DEE44-B300-41A5-80B5-FD304432CFDA}.Debug|x64.Build.0 = Debug|x64
		{133DEE44-B300-41A5-80B5-FD304432CFDA}.Debug|x86.ActiveCfg = Debug|Win32
		{133DEE44-B300-41A5-80B5-FD304432CFDA}.Debug|x86.Build.0 = Debug|Win32
		{133DEE44-B300-41A5-80B5-FD304432CFDA}.Release|x64.ActiveCfg = Release|x64
		{133DEE44-B300-41A5-80B5-FD304432CFDA}.Release|x64.Build.0 = Release|x64
		{133DEE44-B300-41A5-80B5-FD304432CFDA}.Release|x86.ActiveCfg = Release|Win32
		{133DEE44-B300-41A5-80B5-FD304432CFDA}.Release|x86.Build.0 = Release|Win32
	EndGlobalSection
	GlobalSection(SolutionProperties) = preSolution
		HideSolutionNode = FALSE
	EndGlobalSection
EndGlobal
